// !$*UTF8*$!
{
	archiveVersion = 1;
	classes = {
	};
	objectVersion = 48;
	objects = {

/* Begin PBXBuildFile section */
		0E4ABDBB20F2FF470059AFDB /* AppDelegate.swift in Sources */ = {isa = PBXBuildFile; fileRef = 0E4ABDBA20F2FF470059AFDB /* AppDelegate.swift */; };
		0E4ABDBD20F2FF470059AFDB /* ViewController.swift in Sources */ = {isa = PBXBuildFile; fileRef = 0E4ABDBC20F2FF470059AFDB /* ViewController.swift */; };
		0E4ABDC020F2FF470059AFDB /* Main.storyboard in Resources */ = {isa = PBXBuildFile; fileRef = 0E4ABDBE20F2FF470059AFDB /* Main.storyboard */; };
		0E4ABDC220F2FF470059AFDB /* Assets.xcassets in Resources */ = {isa = PBXBuildFile; fileRef = 0E4ABDC120F2FF470059AFDB /* Assets.xcassets */; };
		0E4ABDC520F2FF470059AFDB /* LaunchScreen.storyboard in Resources */ = {isa = PBXBuildFile; fileRef = 0E4ABDC320F2FF470059AFDB /* LaunchScreen.storyboard */; };
		0E4ABDCD20F305960059AFDB /* VKDelegate.swift in Sources */ = {isa = PBXBuildFile; fileRef = 0E4ABDCC20F305960059AFDB /* VKDelegate.swift */; };
		0E4ABDCF20F30A5F0059AFDB /* Users.swift in Sources */ = {isa = PBXBuildFile; fileRef = 0E4ABDCE20F30A5F0059AFDB /* Users.swift */; };
		0E4ABDD120F30B280059AFDB /* APIWorker.swift in Sources */ = {isa = PBXBuildFile; fileRef = 0E4ABDD020F30B280059AFDB /* APIWorker.swift */; };
		E9834397998A6B2A1CF18FFB /* Pods_vkSearch.framework in Frameworks */ = {isa = PBXBuildFile; fileRef = 53968A97B73D902BC44A56E9 /* Pods_vkSearch.framework */; };
/* End PBXBuildFile section */

/* Begin PBXFileReference section */
		0E4ABDB720F2FF470059AFDB /* vkSearch.app */ = {isa = PBXFileReference; explicitFileType = wrapper.application; includeInIndex = 0; path = vkSearch.app; sourceTree = BUILT_PRODUCTS_DIR; };
		0E4ABDBA20F2FF470059AFDB /* AppDelegate.swift */ = {isa = PBXFileReference; lastKnownFileType = sourcecode.swift; path = AppDelegate.swift; sourceTree = "<group>"; };
		0E4ABDBC20F2FF470059AFDB /* ViewController.swift */ = {isa = PBXFileReference; lastKnownFileType = sourcecode.swift; path = ViewController.swift; sourceTree = "<group>"; };
		0E4ABDBF20F2FF470059AFDB /* Base */ = {isa = PBXFileReference; lastKnownFileType = file.storyboard; name = Base; path = Base.lproj/Main.storyboard; sourceTree = "<group>"; };
		0E4ABDC120F2FF470059AFDB /* Assets.xcassets */ = {isa = PBXFileReference; lastKnownFileType = folder.assetcatalog; path = Assets.xcassets; sourceTree = "<group>"; };
		0E4ABDC420F2FF470059AFDB /* Base */ = {isa = PBXFileReference; lastKnownFileType = file.storyboard; name = Base; path = Base.lproj/LaunchScreen.storyboard; sourceTree = "<group>"; };
		0E4ABDC620F2FF470059AFDB /* Info.plist */ = {isa = PBXFileReference; lastKnownFileType = text.plist.xml; path = Info.plist; sourceTree = "<group>"; };
		0E4ABDCC20F305960059AFDB /* VKDelegate.swift */ = {isa = PBXFileReference; lastKnownFileType = sourcecode.swift; path = VKDelegate.swift; sourceTree = "<group>"; };
		0E4ABDCE20F30A5F0059AFDB /* Users.swift */ = {isa = PBXFileReference; lastKnownFileType = sourcecode.swift; path = Users.swift; sourceTree = "<group>"; };
		0E4ABDD020F30B280059AFDB /* APIWorker.swift */ = {isa = PBXFileReference; lastKnownFileType = sourcecode.swift; path = APIWorker.swift; sourceTree = "<group>"; };
		53968A97B73D902BC44A56E9 /* Pods_vkSearch.framework */ = {isa = PBXFileReference; explicitFileType = wrapper.framework; includeInIndex = 0; path = Pods_vkSearch.framework; sourceTree = BUILT_PRODUCTS_DIR; };
		9B2E108E50D8841A315CEF66 /* Pods-vkSearch.release.xcconfig */ = {isa = PBXFileReference; includeInIndex = 1; lastKnownFileType = text.xcconfig; name = "Pods-vkSearch.release.xcconfig"; path = "Pods/Target Support Files/Pods-vkSearch/Pods-vkSearch.release.xcconfig"; sourceTree = "<group>"; };
		BF3941ED8F45408E3D18A1B9 /* Pods-vkSearch.debug.xcconfig */ = {isa = PBXFileReference; includeInIndex = 1; lastKnownFileType = text.xcconfig; name = "Pods-vkSearch.debug.xcconfig"; path = "Pods/Target Support Files/Pods-vkSearch/Pods-vkSearch.debug.xcconfig"; sourceTree = "<group>"; };
/* End PBXFileReference section */

/* Begin PBXFrameworksBuildPhase section */
		0E4ABDB420F2FF470059AFDB /* Frameworks */ = {
			isa = PBXFrameworksBuildPhase;
			buildActionMask = 2147483647;
			files = (
				E9834397998A6B2A1CF18FFB /* Pods_vkSearch.framework in Frameworks */,
			);
			runOnlyForDeploymentPostprocessing = 0;
		};
/* End PBXFrameworksBuildPhase section */

/* Begin PBXGroup section */
		0E4ABDAE20F2FF470059AFDB = {
			isa = PBXGroup;
			children = (
				0E4ABDB920F2FF470059AFDB /* vkSearch */,
				0E4ABDB820F2FF470059AFDB /* Products */,
				284500081A0F09FF82BFAE26 /* Pods */,
				BAE54729546E7ABAA6ACB8F2 /* Frameworks */,
			);
			sourceTree = "<group>";
		};
		0E4ABDB820F2FF470059AFDB /* Products */ = {
			isa = PBXGroup;
			children = (
				0E4ABDB720F2FF470059AFDB /* vkSearch.app */,
			);
			name = Products;
			sourceTree = "<group>";
		};
		0E4ABDB920F2FF470059AFDB /* vkSearch */ = {
			isa = PBXGroup;
			children = (
				0E4ABDBA20F2FF470059AFDB /* AppDelegate.swift */,
				0E4ABDCE20F30A5F0059AFDB /* Users.swift */,
				0E4ABDBC20F2FF470059AFDB /* ViewController.swift */,
				0E4ABDBE20F2FF470059AFDB /* Main.storyboard */,
				0E4ABDC120F2FF470059AFDB /* Assets.xcassets */,
				0E4ABDC320F2FF470059AFDB /* LaunchScreen.storyboard */,
				0E4ABDC620F2FF470059AFDB /* Info.plist */,
				0E4ABDCC20F305960059AFDB /* VKDelegate.swift */,
				0E4ABDD020F30B280059AFDB /* APIWorker.swift */,
			);
			path = vkSearch;
			sourceTree = "<group>";
		};
		284500081A0F09FF82BFAE26 /* Pods */ = {
			isa = PBXGroup;
			children = (
				BF3941ED8F45408E3D18A1B9 /* Pods-vkSearch.debug.xcconfig */,
				9B2E108E50D8841A315CEF66 /* Pods-vkSearch.release.xcconfig */,
			);
			name = Pods;
			sourceTree = "<group>";
		};
		BAE54729546E7ABAA6ACB8F2 /* Frameworks */ = {
			isa = PBXGroup;
			children = (
				53968A97B73D902BC44A56E9 /* Pods_vkSearch.framework */,
			);
			name = Frameworks;
			sourceTree = "<group>";
		};
/* End PBXGroup section */

/* Begin PBXNativeTarget section */
		0E4ABDB620F2FF470059AFDB /* vkSearch */ = {
			isa = PBXNativeTarget;
			buildConfigurationList = 0E4ABDC920F2FF470059AFDB /* Build configuration list for PBXNativeTarget "vkSearch" */;
			buildPhases = (
				D7408772211E2FF6901100BD /* [CP] Check Pods Manifest.lock */,
				0E4ABDB320F2FF470059AFDB /* Sources */,
				0E4ABDB420F2FF470059AFDB /* Frameworks */,
				0E4ABDB520F2FF470059AFDB /* Resources */,
				F43AC141C4A1CF12CDEDFAB7 /* [CP] Embed Pods Frameworks */,
				8103475D6AB04F3F5327302D /* [CP] Copy Pods Resources */,
			);
			buildRules = (
			);
			dependencies = (
			);
			name = vkSearch;
			productName = vkSearch;
			productReference = 0E4ABDB720F2FF470059AFDB /* vkSearch.app */;
			productType = "com.apple.product-type.application";
		};
/* End PBXNativeTarget section */

/* Begin PBXProject section */
		0E4ABDAF20F2FF470059AFDB /* Project object */ = {
			isa = PBXProject;
			attributes = {
				LastSwiftUpdateCheck = 0920;
				LastUpgradeCheck = 0920;
				ORGANIZATIONNAME = "Alexander Kandalov";
				TargetAttributes = {
					0E4ABDB620F2FF470059AFDB = {
						CreatedOnToolsVersion = 9.2;
						ProvisioningStyle = Automatic;
					};
				};
			};
			buildConfigurationList = 0E4ABDB220F2FF470059AFDB /* Build configuration list for PBXProject "vkSearch" */;
			compatibilityVersion = "Xcode 8.0";
			developmentRegion = en;
			hasScannedForEncodings = 0;
			knownRegions = (
				en,
				Base,
			);
			mainGroup = 0E4ABDAE20F2FF470059AFDB;
			productRefGroup = 0E4ABDB820F2FF470059AFDB /* Products */;
			projectDirPath = "";
			projectRoot = "";
			targets = (
				0E4ABDB620F2FF470059AFDB /* vkSearch */,
			);
		};
/* End PBXProject section */

/* Begin PBXResourcesBuildPhase section */
		0E4ABDB520F2FF470059AFDB /* Resources */ = {
			isa = PBXResourcesBuildPhase;
			buildActionMask = 2147483647;
			files = (
				0E4ABDC520F2FF470059AFDB /* LaunchScreen.storyboard in Resources */,
				0E4ABDC220F2FF470059AFDB /* Assets.xcassets in Resources */,
				0E4ABDC020F2FF470059AFDB /* Main.storyboard in Resources */,
			);
			runOnlyForDeploymentPostprocessing = 0;
		};
/* End PBXResourcesBuildPhase section */

/* Begin PBXShellScriptBuildPhase section */
		8103475D6AB04F3F5327302D /* [CP] Copy Pods Resources */ = {
			isa = PBXShellScriptBuildPhase;
			buildActionMask = 2147483647;
			files = (
			);
			inputPaths = (
			);
			name = "[CP] Copy Pods Resources";
			outputPaths = (
			);
			runOnlyForDeploymentPostprocessing = 0;
			shellPath = /bin/sh;
			shellScript = "\"${SRCROOT}/Pods/Target Support Files/Pods-vkSearch/Pods-vkSearch-resources.sh\"\n";
			showEnvVarsInLog = 0;
		};
		D7408772211E2FF6901100BD /* [CP] Check Pods Manifest.lock */ = {
			isa = PBXShellScriptBuildPhase;
			buildActionMask = 2147483647;
			files = (
			);
			inputPaths = (
				"${PODS_PODFILE_DIR_PATH}/Podfile.lock",
				"${PODS_ROOT}/Manifest.lock",
			);
			name = "[CP] Check Pods Manifest.lock";
			outputPaths = (
				"$(DERIVED_FILE_DIR)/Pods-vkSearch-checkManifestLockResult.txt",
			);
			runOnlyForDeploymentPostprocessing = 0;
			shellPath = /bin/sh;
			shellScript = "diff \"${PODS_PODFILE_DIR_PATH}/Podfile.lock\" \"${PODS_ROOT}/Manifest.lock\" > /dev/null\nif [ $? != 0 ] ; then\n    # print error to STDERR\n    echo \"error: The sandbox is not in sync with the Podfile.lock. Run 'pod install' or update your CocoaPods installation.\" >&2\n    exit 1\nfi\n# This output is used by Xcode 'outputs' to avoid re-running this script phase.\necho \"SUCCESS\" > \"${SCRIPT_OUTPUT_FILE_0}\"\n";
			showEnvVarsInLog = 0;
		};
		F43AC141C4A1CF12CDEDFAB7 /* [CP] Embed Pods Frameworks */ = {
			isa = PBXShellScriptBuildPhase;
			buildActionMask = 2147483647;
			files = (
			);
			inputPaths = (
				"${SRCROOT}/Pods/Target Support Files/Pods-vkSearch/Pods-vkSearch-frameworks.sh",
				"${BUILT_PRODUCTS_DIR}/Alamofire/Alamofire.framework",
				"${BUILT_PRODUCTS_DIR}/AlamofireImage/AlamofireImage.framework",
				"${BUILT_PRODUCTS_DIR}/RxCocoa/RxCocoa.framework",
				"${BUILT_PRODUCTS_DIR}/RxSwift/RxSwift.framework",
				"${BUILT_PRODUCTS_DIR}/SwiftyJSON/SwiftyJSON.framework",
				"${BUILT_PRODUCTS_DIR}/SwiftyVK/SwiftyVK.framework",
				"${BUILT_PRODUCTS_DIR}/Swinject/Swinject.framework",
				"${BUILT_PRODUCTS_DIR}/SwinjectStoryboard/SwinjectStoryboard.framework",
			);
			name = "[CP] Embed Pods Frameworks";
			outputPaths = (
				"${TARGET_BUILD_DIR}/${FRAMEWORKS_FOLDER_PATH}/Alamofire.framework",
				"${TARGET_BUILD_DIR}/${FRAMEWORKS_FOLDER_PATH}/AlamofireImage.framework",
				"${TARGET_BUILD_DIR}/${FRAMEWORKS_FOLDER_PATH}/RxCocoa.framework",
				"${TARGET_BUILD_DIR}/${FRAMEWORKS_FOLDER_PATH}/RxSwift.framework",
				"${TARGET_BUILD_DIR}/${FRAMEWORKS_FOLDER_PATH}/SwiftyJSON.framework",
				"${TARGET_BUILD_DIR}/${FRAMEWORKS_FOLDER_PATH}/SwiftyVK.framework",
				"${TARGET_BUILD_DIR}/${FRAMEWORKS_FOLDER_PATH}/Swinject.framework",
				"${TARGET_BUILD_DIR}/${FRAMEWORKS_FOLDER_PATH}/SwinjectStoryboard.framework",
			);
			runOnlyForDeploymentPostprocessing = 0;
			shellPath = /bin/sh;
			shellScript = "\"${SRCROOT}/Pods/Target Support Files/Pods-vkSearch/Pods-vkSearch-frameworks.sh\"\n";
			showEnvVarsInLog = 0;
		};
/* End PBXShellScriptBuildPhase section */

/* Begin PBXSourcesBuildPhase section */
		0E4ABDB320F2FF470059AFDB /* Sources */ = {
			isa = PBXSourcesBuildPhase;
			buildActionMask = 2147483647;
			files = (
				0E4ABDCF20F30A5F0059AFDB /* Users.swift in Sources */,
				0E4ABDBD20F2FF470059AFDB /* ViewController.swift in Sources */,
				0E4ABDBB20F2FF470059AFDB /* AppDelegate.swift in Sources */,
				0E4ABDCD20F305960059AFDB /* VKDelegate.swift in Sources */,
				0E4ABDD120F30B280059AFDB /* APIWorker.swift in Sources */,
			);
			runOnlyForDeploymentPostprocessing = 0;
		};
/* End PBXSourcesBuildPhase section */

/* Begin PBXVariantGroup section */
		0E4ABDBE20F2FF470059AFDB /* Main.storyboard */ = {
			isa = PBXVariantGroup;
			children = (
				0E4ABDBF20F2FF470059AFDB /* Base */,
			);
			name = Main.storyboard;
			sourceTree = "<group>";
		};
		0E4ABDC320F2FF470059AFDB /* LaunchScreen.storyboard */ = {
			isa = PBXVariantGroup;
			children = (
				0E4ABDC420F2FF470059AFDB /* Base */,
			);
			name = LaunchScreen.storyboard;
			sourceTree = "<group>";
		};
/* End PBXVariantGroup section */

/* Begin XCBuildConfiguration section */
		0E4ABDC720F2FF470059AFDB /* Debug */ = {
			isa = XCBuildConfiguration;
			buildSettings = {
				ALWAYS_SEARCH_USER_PATHS = NO;
				CLANG_ANALYZER_NONNULL = YES;
				CLANG_ANALYZER_NUMBER_OBJECT_CONVERSION = YES_AGGRESSIVE;
				CLANG_CXX_LANGUAGE_STANDARD = "gnu++14";
				CLANG_CXX_LIBRARY = "libc++";
				CLANG_ENABLE_MODULES = YES;
				CLANG_ENABLE_OBJC_ARC = YES;
				CLANG_WARN_BLOCK_CAPTURE_AUTORELEASING = YES;
				CLANG_WARN_BOOL_CONVERSION = YES;
				CLANG_WARN_COMMA = YES;
				CLANG_WARN_CONSTANT_CONVERSION = YES;
				CLANG_WARN_DIRECT_OBJC_ISA_USAGE = YES_ERROR;
				CLANG_WARN_DOCUMENTATION_COMMENTS = YES;
				CLANG_WARN_EMPTY_BODY = YES;
				CLANG_WARN_ENUM_CONVERSION = YES;
				CLANG_WARN_INFINITE_RECURSION = YES;
				CLANG_WARN_INT_CONVERSION = YES;
				CLANG_WARN_NON_LITERAL_NULL_CONVERSION = YES;
				CLANG_WARN_OBJC_LITERAL_CONVERSION = YES;
				CLANG_WARN_OBJC_ROOT_CLASS = YES_ERROR;
				CLANG_WARN_RANGE_LOOP_ANALYSIS = YES;
				CLANG_WARN_STRICT_PROTOTYPES = YES;
				CLANG_WARN_SUSPICIOUS_MOVE = YES;
				CLANG_WARN_UNGUARDED_AVAILABILITY = YES_AGGRESSIVE;
				CLANG_WARN_UNREACHABLE_CODE = YES;
				CLANG_WARN__DUPLICATE_METHOD_MATCH = YES;
				CODE_SIGN_IDENTITY = "iPhone Developer";
				COPY_PHASE_STRIP = NO;
				DEBUG_INFORMATION_FORMAT = dwarf;
				ENABLE_STRICT_OBJC_MSGSEND = YES;
				ENABLE_TESTABILITY = YES;
				GCC_C_LANGUAGE_STANDARD = gnu11;
				GCC_DYNAMIC_NO_PIC = NO;
				GCC_NO_COMMON_BLOCKS = YES;
				GCC_OPTIMIZATION_LEVEL = 0;
				GCC_PREPROCESSOR_DEFINITIONS = (
					"DEBUG=1",
					"$(inherited)",
				);
				GCC_WARN_64_TO_32_BIT_CONVERSION = YES;
				GCC_WARN_ABOUT_RETURN_TYPE = YES_ERROR;
				GCC_WARN_UNDECLARED_SELECTOR = YES;
				GCC_WARN_UNINITIALIZED_AUTOS = YES_AGGRESSIVE;
				GCC_WARN_UNUSED_FUNCTION = YES;
				GCC_WARN_UNUSED_VARIABLE = YES;
				IPHONEOS_DEPLOYMENT_TARGET = 11.2;
				MTL_ENABLE_DEBUG_INFO = YES;
				ONLY_ACTIVE_ARCH = YES;
				SDKROOT = iphoneos;
				SWIFT_ACTIVE_COMPILATION_CONDITIONS = DEBUG;
				SWIFT_OPTIMIZATION_LEVEL = "-Onone";
			};
			name = Debug;
		};
		0E4ABDC820F2FF470059AFDB /* Release */ = {
			isa = XCBuildConfiguration;
			buildSettings = {
				ALWAYS_SEARCH_USER_PATHS = NO;
				CLANG_ANALYZER_NONNULL = YES;
				CLANG_ANALYZER_NUMBER_OBJECT_CONVERSION = YES_AGGRESSIVE;
				CLANG_CXX_LANGUAGE_STANDARD = "gnu++14";
				CLANG_CXX_LIBRARY = "libc++";
				CLANG_ENABLE_MODULES = YES;
				CLANG_ENABLE_OBJC_ARC = YES;
				CLANG_WARN_BLOCK_CAPTURE_AUTORELEASING = YES;
				CLANG_WARN_BOOL_CONVERSION = YES;
				CLANG_WARN_COMMA = YES;
				CLANG_WARN_CONSTANT_CONVERSION = YES;
				CLANG_WARN_DIRECT_OBJC_ISA_USAGE = YES_ERROR;
				CLANG_WARN_DOCUMENTATION_COMMENTS = YES;
				CLANG_WARN_EMPTY_BODY = YES;
				CLANG_WARN_ENUM_CONVERSION = YES;
				CLANG_WARN_INFINITE_RECURSION = YES;
				CLANG_WARN_INT_CONVERSION = YES;
				CLANG_WARN_NON_LITERAL_NULL_CONVERSION = YES;
				CLANG_WARN_OBJC_LITERAL_CONVERSION = YES;
				CLANG_WARN_OBJC_ROOT_CLASS = YES_ERROR;
				CLANG_WARN_RANGE_LOOP_ANALYSIS = YES;
				CLANG_WARN_STRICT_PROTOTYPES = YES;
				CLANG_WARN_SUSPICIOUS_MOVE = YES;
				CLANG_WARN_UNGUARDED_AVAILABILITY = YES_AGGRESSIVE;
				CLANG_WARN_UNREACHABLE_CODE = YES;
				CLANG_WARN__DUPLICATE_METHOD_MATCH = YES;
				CODE_SIGN_IDENTITY = "iPhone Developer";
				COPY_PHASE_STRIP = NO;
				DEBUG_INFORMATION_FORMAT = "dwarf-with-dsym";
				ENABLE_NS_ASSERTIONS = NO;
				ENABLE_STRICT_OBJC_MSGSEND = YES;
				GCC_C_LANGUAGE_STANDARD = gnu11;
				GCC_NO_COMMON_BLOCKS = YES;
				GCC_WARN_64_TO_32_BIT_CONVERSION = YES;
				GCC_WARN_ABOUT_RETURN_TYPE = YES_ERROR;
				GCC_WARN_UNDECLARED_SELECTOR = YES;
				GCC_WARN_UNINITIALIZED_AUTOS = YES_AGGRESSIVE;
				GCC_WARN_UNUSED_FUNCTION = YES;
				GCC_WARN_UNUSED_VARIABLE = YES;
				IPHONEOS_DEPLOYMENT_TARGET = 11.2;
				MTL_ENABLE_DEBUG_INFO = NO;
				SDKROOT = iphoneos;
				SWIFT_OPTIMIZATION_LEVEL = "-Owholemodule";
				VALIDATE_PRODUCT = YES;
			};
			name = Release;
		};
		0E4ABDCA20F2FF470059AFDB /* Debug */ = {
			isa = XCBuildConfiguration;
			baseConfigurationReference = BF3941ED8F45408E3D18A1B9 /* Pods-vkSearch.debug.xcconfig */;
			buildSettings = {
				ASSETCATALOG_COMPILER_APPICON_NAME = AppIcon;
				CODE_SIGN_STYLE = Automatic;
				DEVELOPMENT_TEAM = J8RPJN9682;
				INFOPLIST_FILE = vkSearch/Info.plist;
				LD_RUNPATH_SEARCH_PATHS = "$(inherited) @executable_path/Frameworks";
				"OTHER_SWIFT_FLAGS[sdk=iphonesimulator*]" = "-D IOS_SIMULATOR";
				PRODUCT_BUNDLE_IDENTIFIER = com.kandallov.vkSearch;
				PRODUCT_NAME = "$(TARGET_NAME)";
				SWIFT_VERSION = 4.0;
				TARGETED_DEVICE_FAMILY = "1,2";
			};
			name = Debug;
		};
		0E4ABDCB20F2FF470059AFDB /* Release */ = {
			isa = XCBuildConfiguration;
			baseConfigurationReference = 9B2E108E50D8841A315CEF66 /* Pods-vkSearch.release.xcconfig */;
			buildSettings = {
				ASSETCATALOG_COMPILER_APPICON_NAME = AppIcon;
				CODE_SIGN_STYLE = Automatic;
				DEVELOPMENT_TEAM = J8RPJN9682;
				INFOPLIST_FILE = vkSearch/Info.plist;
				LD_RUNPATH_SEARCH_PATHS = "$(inherited) @executable_path/Frameworks";
				PRODUCT_BUNDLE_IDENTIFIER = com.kandallov.vkSearch;
				PRODUCT_NAME = "$(TARGET_NAME)";
				SWIFT_VERSION = 4.0;
				TARGETED_DEVICE_FAMILY = "1,2";
			};
			name = Release;
		};
/* End XCBuildConfiguration section */

/* Begin XCConfigurationList section */
		0E4ABDB220F2FF470059AFDB /* Build configuration list for PBXProject "vkSearch" */ = {
			isa = XCConfigurationList;
			buildConfigurations = (
				0E4ABDC720F2FF470059AFDB /* Debug */,
				0E4ABDC820F2FF470059AFDB /* Release */,
			);
			defaultConfigurationIsVisible = 0;
			defaultConfigurationName = Release;
		};
		0E4ABDC920F2FF470059AFDB /* Build configuration list for PBXNativeTarget "vkSearch" */ = {
			isa = XCConfigurationList;
			buildConfigurations = (
				0E4ABDCA20F2FF470059AFDB /* Debug */,
				0E4ABDCB20F2FF470059AFDB /* Release */,
			);
			defaultConfigurationIsVisible = 0;
			defaultConfigurationName = Release;
		};
/* End XCConfigurationList section */
	};
	rootObject = 0E4ABDAF20F2FF470059AFDB /* Project object */;
}
